
Microsoft Visual Studio Solution File, Format Version 12.00
# Visual Studio 15
VisualStudioVersion = 15.0.27130.2036
MinimumVisualStudioVersion = 10.0.40219.1
Project("{FAE04EC0-301F-11D3-BF4B-00C04F79EFBC}") = "WindowsFormsApp2", "WindowsFormsApp2\WindowsFormsApp2.csproj", "{0AB20F01-DE08-4046-930A-A2EF84564437}"
EndProject
Global
	GlobalSection(SolutionConfigurationPlatforms) = preSolution
		Debug|Any CPU = Debug|Any CPU
		Release|Any CPU = Release|Any CPU
	EndGlobalSection
	GlobalSection(ProjectConfigurationPlatforms) = postSolution
		{0AB20F01-DE08-4046-930A-A2EF84564437}.Debug|Any CPU.ActiveCfg = Debug|Any CPU
		{0AB20F01-DE08-4046-930A-A2EF84564437}.Debug|Any CPU.Build.0 = Debug|Any CPU
		{0AB20F01-DE08-4046-930A-A2EF84564437}.Release|Any CPU.ActiveCfg = Release|Any CPU
		{0AB20F01-DE08-4046-930A-A2EF84564437}.Release|Any CPU.Build.0 = Release|Any CPU
	EndGlobalSection
	GlobalSection(SolutionProperties) = preSolution
		HideSolutionNode = FALSE
	EndGlobalSection
	GlobalSection(ExtensibilityGlobals) = postSolution
		SolutionGuid = {3FF69078-15FC-4356-AC0B-F53B0596A620}
	EndGlobalSection
EndGlobal
