
Microsoft Visual Studio Solution File, Format Version 11.00
# Visual Studio 2010
Project("{FAE04EC0-301F-11D3-BF4B-00C04F79EFBC}") = "WindowsFormsApplication6", "WindowsFormsApplication6\WindowsFormsApplication6.csproj", "{4FF60460-D8B1-4C9C-9267-3B3110D46F72}"
EndProject
Global
	GlobalSection(SolutionConfigurationPlatforms) = preSolution
		Debug|x86 = Debug|x86
		Release|x86 = Release|x86
	EndGlobalSection
	GlobalSection(ProjectConfigurationPlatforms) = postSolution
		{4FF60460-D8B1-4C9C-9267-3B3110D46F72}.Debug|x86.ActiveCfg = Debug|x86
		{4FF60460-D8B1-4C9C-9267-3B3110D46F72}.Debug|x86.Build.0 = Debug|x86
		{4FF60460-D8B1-4C9C-9267-3B3110D46F72}.Release|x86.ActiveCfg = Release|x86
		{4FF60460-D8B1-4C9C-9267-3B3110D46F72}.Release|x86.Build.0 = Release|x86
	EndGlobalSection
	GlobalSection(SolutionProperties) = preSolution
		HideSolutionNode = FALSE
	EndGlobalSection
EndGlobal
